// !$*UTF8*$!
{
	archiveVersion = 1;
	classes = {
	};
	objectVersion = 46;
	objects = {

/* Begin PBXBuildFile section */
		4A083AAB1CA4BDC400FB9625 /* Assets.xcassets in Resources */ = {isa = PBXBuildFile; fileRef = 4A083AAA1CA4BDC400FB9625 /* Assets.xcassets */; };
		4A083AAE1CA4BF2600FB9625 /* UIImage+image.m in Sources */ = {isa = PBXBuildFile; fileRef = 4A083AAD1CA4BF2600FB9625 /* UIImage+image.m */; };
		4A083AB11CA4C17F00FB9625 /* HostSiteViewController.m in Sources */ = {isa = PBXBuildFile; fileRef = 4A083AB01CA4C17F00FB9625 /* HostSiteViewController.m */; };
		4A083AB31CA4C43B00FB9625 /* JavaScriptCore.framework in Frameworks */ = {isa = PBXBuildFile; fileRef = 4A083AB21CA4C43B00FB9625 /* JavaScriptCore.framework */; };
		4A083B111CA4F62600FB9625 /* Main.storyboard in Resources */ = {isa = PBXBuildFile; fileRef = 4A083B101CA4F62500FB9625 /* Main.storyboard */; };
		4A083B141CA4F69A00FB9625 /* DWNavigationController.m in Sources */ = {isa = PBXBuildFile; fileRef = 4A083B131CA4F69A00FB9625 /* DWNavigationController.m */; };
		4A083B201CA50C1000FB9625 /* UIKit.framework in Frameworks */ = {isa = PBXBuildFile; fileRef = 4A083B1F1CA50C1000FB9625 /* UIKit.framework */; };
		4A6968EE1CA3AB45000562DD /* main.m in Sources */ = {isa = PBXBuildFile; fileRef = 4A6968ED1CA3AB45000562DD /* main.m */; };
		4A6968F11CA3AB45000562DD /* AppDelegate.m in Sources */ = {isa = PBXBuildFile; fileRef = 4A6968F01CA3AB45000562DD /* AppDelegate.m */; };
		4A6968F41CA3AB45000562DD /* ViewController.m in Sources */ = {isa = PBXBuildFile; fileRef = 4A6968F31CA3AB45000562DD /* ViewController.m */; };
		4A6968FC1CA3AB45000562DD /* LaunchScreen.storyboard in Resources */ = {isa = PBXBuildFile; fileRef = 4A6968FA1CA3AB45000562DD /* LaunchScreen.storyboard */; };
		4A6969071CA3AB45000562DD /* MyWebSiteTests.m in Sources */ = {isa = PBXBuildFile; fileRef = 4A6969061CA3AB45000562DD /* MyWebSiteTests.m */; };
		4A6969121CA3AB45000562DD /* MyWebSiteUITests.m in Sources */ = {isa = PBXBuildFile; fileRef = 4A6969111CA3AB45000562DD /* MyWebSiteUITests.m */; };
		4A6969241CA3ACAC000562DD /* WeddingPhotoView.m in Sources */ = {isa = PBXBuildFile; fileRef = 4A6969231CA3ACAC000562DD /* WeddingPhotoView.m */; };
		4A6969271CA3ACD2000562DD /* WeddingPhotoViewController.m in Sources */ = {isa = PBXBuildFile; fileRef = 4A6969261CA3ACD2000562DD /* WeddingPhotoViewController.m */; };
		4A69692C1CA3AE81000562DD /* WebSiteTabbarController.m in Sources */ = {isa = PBXBuildFile; fileRef = 4A69692B1CA3AE81000562DD /* WebSiteTabbarController.m */; };
		4A69692E1CA3AFB3000562DD /* Reveal.framework in Frameworks */ = {isa = PBXBuildFile; fileRef = 4A69692D1CA3AFB3000562DD /* Reveal.framework */; };
		4A98F4251CA8EF24000FB33A /* BlurEffectMenu.m in Sources */ = {isa = PBXBuildFile; fileRef = 4A98F4241CA8EF24000FB33A /* BlurEffectMenu.m */; };
/* End PBXBuildFile section */

/* Begin PBXContainerItemProxy section */
		4A6969031CA3AB45000562DD /* PBXContainerItemProxy */ = {
			isa = PBXContainerItemProxy;
			containerPortal = 4A6968E11CA3AB45000562DD /* Project object */;
			proxyType = 1;
			remoteGlobalIDString = 4A6968E81CA3AB45000562DD;
			remoteInfo = MyWebSite;
		};
		4A69690E1CA3AB45000562DD /* PBXContainerItemProxy */ = {
			isa = PBXContainerItemProxy;
			containerPortal = 4A6968E11CA3AB45000562DD /* Project object */;
			proxyType = 1;
			remoteGlobalIDString = 4A6968E81CA3AB45000562DD;
			remoteInfo = MyWebSite;
		};
/* End PBXContainerItemProxy section */

/* Begin PBXFileReference section */
		4A083AAA1CA4BDC400FB9625 /* Assets.xcassets */ = {isa = PBXFileReference; lastKnownFileType = folder.assetcatalog; path = Assets.xcassets; sourceTree = "<group>"; };
		4A083AAC1CA4BF2600FB9625 /* UIImage+image.h */ = {isa = PBXFileReference; fileEncoding = 4; lastKnownFileType = sourcecode.c.h; path = "UIImage+image.h"; sourceTree = "<group>"; };
		4A083AAD1CA4BF2600FB9625 /* UIImage+image.m */ = {isa = PBXFileReference; fileEncoding = 4; lastKnownFileType = sourcecode.c.objc; path = "UIImage+image.m"; sourceTree = "<group>"; };
		4A083AAF1CA4C17F00FB9625 /* HostSiteViewController.h */ = {isa = PBXFileReference; fileEncoding = 4; lastKnownFileType = sourcecode.c.h; path = HostSiteViewController.h; sourceTree = "<group>"; };
		4A083AB01CA4C17F00FB9625 /* HostSiteViewController.m */ = {isa = PBXFileReference; fileEncoding = 4; lastKnownFileType = sourcecode.c.objc; path = HostSiteViewController.m; sourceTree = "<group>"; };
		4A083AB21CA4C43B00FB9625 /* JavaScriptCore.framework */ = {isa = PBXFileReference; lastKnownFileType = wrapper.framework; name = JavaScriptCore.framework; path = System/Library/Frameworks/JavaScriptCore.framework; sourceTree = SDKROOT; };
		4A083B101CA4F62500FB9625 /* Main.storyboard */ = {isa = PBXFileReference; fileEncoding = 4; lastKnownFileType = file.storyboard; path = Main.storyboard; sourceTree = "<group>"; };
		4A083B121CA4F69A00FB9625 /* DWNavigationController.h */ = {isa = PBXFileReference; fileEncoding = 4; lastKnownFileType = sourcecode.c.h; path = DWNavigationController.h; sourceTree = "<group>"; };
		4A083B131CA4F69A00FB9625 /* DWNavigationController.m */ = {isa = PBXFileReference; fileEncoding = 4; lastKnownFileType = sourcecode.c.objc; path = DWNavigationController.m; sourceTree = "<group>"; };
		4A083B1B1CA506EB00FB9625 /* DWPCH.pch */ = {isa = PBXFileReference; lastKnownFileType = sourcecode.c.h; path = DWPCH.pch; sourceTree = "<group>"; };
		4A083B1F1CA50C1000FB9625 /* UIKit.framework */ = {isa = PBXFileReference; lastKnownFileType = wrapper.framework; name = UIKit.framework; path = System/Library/Frameworks/UIKit.framework; sourceTree = SDKROOT; };
		4A6968E91CA3AB45000562DD /* MyWebSite.app */ = {isa = PBXFileReference; explicitFileType = wrapper.application; includeInIndex = 0; path = MyWebSite.app; sourceTree = BUILT_PRODUCTS_DIR; };
		4A6968ED1CA3AB45000562DD /* main.m */ = {isa = PBXFileReference; lastKnownFileType = sourcecode.c.objc; path = main.m; sourceTree = "<group>"; };
		4A6968EF1CA3AB45000562DD /* AppDelegate.h */ = {isa = PBXFileReference; lastKnownFileType = sourcecode.c.h; path = AppDelegate.h; sourceTree = "<group>"; };
		4A6968F01CA3AB45000562DD /* AppDelegate.m */ = {isa = PBXFileReference; lastKnownFileType = sourcecode.c.objc; path = AppDelegate.m; sourceTree = "<group>"; };
		4A6968F21CA3AB45000562DD /* ViewController.h */ = {isa = PBXFileReference; lastKnownFileType = sourcecode.c.h; path = ViewController.h; sourceTree = "<group>"; };
		4A6968F31CA3AB45000562DD /* ViewController.m */ = {isa = PBXFileReference; lastKnownFileType = sourcecode.c.objc; path = ViewController.m; sourceTree = "<group>"; };
		4A6968FB1CA3AB45000562DD /* Base */ = {isa = PBXFileReference; lastKnownFileType = file.storyboard; name = Base; path = Base.lproj/LaunchScreen.storyboard; sourceTree = "<group>"; };
		4A6968FD1CA3AB45000562DD /* Info.plist */ = {isa = PBXFileReference; lastKnownFileType = text.plist.xml; path = Info.plist; sourceTree = "<group>"; };
		4A6969021CA3AB45000562DD /* MyWebSiteTests.xctest */ = {isa = PBXFileReference; explicitFileType = wrapper.cfbundle; includeInIndex = 0; path = MyWebSiteTests.xctest; sourceTree = BUILT_PRODUCTS_DIR; };
		4A6969061CA3AB45000562DD /* MyWebSiteTests.m */ = {isa = PBXFileReference; lastKnownFileType = sourcecode.c.objc; path = MyWebSiteTests.m; sourceTree = "<group>"; };
		4A6969081CA3AB45000562DD /* Info.plist */ = {isa = PBXFileReference; lastKnownFileType = text.plist.xml; path = Info.plist; sourceTree = "<group>"; };
		4A69690D1CA3AB45000562DD /* MyWebSiteUITests.xctest */ = {isa = PBXFileReference; explicitFileType = wrapper.cfbundle; includeInIndex = 0; path = MyWebSiteUITests.xctest; sourceTree = BUILT_PRODUCTS_DIR; };
		4A6969111CA3AB45000562DD /* MyWebSiteUITests.m */ = {isa = PBXFileReference; lastKnownFileType = sourcecode.c.objc; path = MyWebSiteUITests.m; sourceTree = "<group>"; };
		4A6969131CA3AB45000562DD /* Info.plist */ = {isa = PBXFileReference; lastKnownFileType = text.plist.xml; path = Info.plist; sourceTree = "<group>"; };
		4A6969221CA3ACAC000562DD /* WeddingPhotoView.h */ = {isa = PBXFileReference; fileEncoding = 4; lastKnownFileType = sourcecode.c.h; path = WeddingPhotoView.h; sourceTree = "<group>"; };
		4A6969231CA3ACAC000562DD /* WeddingPhotoView.m */ = {isa = PBXFileReference; fileEncoding = 4; lastKnownFileType = sourcecode.c.objc; path = WeddingPhotoView.m; sourceTree = "<group>"; };
		4A6969251CA3ACD2000562DD /* WeddingPhotoViewController.h */ = {isa = PBXFileReference; fileEncoding = 4; lastKnownFileType = sourcecode.c.h; path = WeddingPhotoViewController.h; sourceTree = "<group>"; };
		4A6969261CA3ACD2000562DD /* WeddingPhotoViewController.m */ = {isa = PBXFileReference; fileEncoding = 4; lastKnownFileType = sourcecode.c.objc; path = WeddingPhotoViewController.m; sourceTree = "<group>"; };
		4A69692A1CA3AE81000562DD /* WebSiteTabbarController.h */ = {isa = PBXFileReference; fileEncoding = 4; lastKnownFileType = sourcecode.c.h; path = WebSiteTabbarController.h; sourceTree = "<group>"; };
		4A69692B1CA3AE81000562DD /* WebSiteTabbarController.m */ = {isa = PBXFileReference; fileEncoding = 4; lastKnownFileType = sourcecode.c.objc; path = WebSiteTabbarController.m; sourceTree = "<group>"; };
		4A69692D1CA3AFB3000562DD /* Reveal.framework */ = {isa = PBXFileReference; lastKnownFileType = wrapper.framework; name = Reveal.framework; path = MyWebSite/Reveal.framework; sourceTree = "<group>"; };
		4A98F4231CA8EF24000FB33A /* BlurEffectMenu.h */ = {isa = PBXFileReference; fileEncoding = 4; lastKnownFileType = sourcecode.c.h; path = BlurEffectMenu.h; sourceTree = "<group>"; };
		4A98F4241CA8EF24000FB33A /* BlurEffectMenu.m */ = {isa = PBXFileReference; fileEncoding = 4; lastKnownFileType = sourcecode.c.objc; path = BlurEffectMenu.m; sourceTree = "<group>"; };
/* End PBXFileReference section */

/* Begin PBXFrameworksBuildPhase section */
		4A6968E61CA3AB45000562DD /* Frameworks */ = {
			isa = PBXFrameworksBuildPhase;
			buildActionMask = 2147483647;
			files = (
				4A083B201CA50C1000FB9625 /* UIKit.framework in Frameworks */,
				4A083AB31CA4C43B00FB9625 /* JavaScriptCore.framework in Frameworks */,
				4A69692E1CA3AFB3000562DD /* Reveal.framework in Frameworks */,
			);
			runOnlyForDeploymentPostprocessing = 0;
		};
		4A6968FF1CA3AB45000562DD /* Frameworks */ = {
			isa = PBXFrameworksBuildPhase;
			buildActionMask = 2147483647;
			files = (
			);
			runOnlyForDeploymentPostprocessing = 0;
		};
		4A69690A1CA3AB45000562DD /* Frameworks */ = {
			isa = PBXFrameworksBuildPhase;
			buildActionMask = 2147483647;
			files = (
			);
			runOnlyForDeploymentPostprocessing = 0;
		};
/* End PBXFrameworksBuildPhase section */

/* Begin PBXGroup section */
		4A083B021CA4F4B100FB9625 /* HomePage */ = {
			isa = PBXGroup;
			children = (
				4A083B051CA4F4CE00FB9625 /* Controller */,
				4A083B041CA4F4C900FB9625 /* View */,
				4A083B031CA4F4C000FB9625 /* Model */,
			);
			name = HomePage;
			sourceTree = "<group>";
		};
		4A083B031CA4F4C000FB9625 /* Model */ = {
			isa = PBXGroup;
			children = (
			);
			name = Model;
			sourceTree = "<group>";
		};
		4A083B041CA4F4C900FB9625 /* View */ = {
			isa = PBXGroup;
			children = (
				4A98F4231CA8EF24000FB33A /* BlurEffectMenu.h */,
				4A98F4241CA8EF24000FB33A /* BlurEffectMenu.m */,
			);
			name = View;
			sourceTree = "<group>";
		};
		4A083B051CA4F4CE00FB9625 /* Controller */ = {
			isa = PBXGroup;
			children = (
				4A083AAF1CA4C17F00FB9625 /* HostSiteViewController.h */,
				4A083AB01CA4C17F00FB9625 /* HostSiteViewController.m */,
			);
			name = Controller;
			sourceTree = "<group>";
		};
		4A083B061CA4F4D500FB9625 /* WeddingPhoto */ = {
			isa = PBXGroup;
			children = (
				4A083B091CA4F4F100FB9625 /* Controller */,
				4A083B081CA4F4EC00FB9625 /* View */,
				4A083B071CA4F4E000FB9625 /* Model */,
			);
			name = WeddingPhoto;
			sourceTree = "<group>";
		};
		4A083B071CA4F4E000FB9625 /* Model */ = {
			isa = PBXGroup;
			children = (
			);
			name = Model;
			sourceTree = "<group>";
		};
		4A083B081CA4F4EC00FB9625 /* View */ = {
			isa = PBXGroup;
			children = (
				4A6969221CA3ACAC000562DD /* WeddingPhotoView.h */,
				4A6969231CA3ACAC000562DD /* WeddingPhotoView.m */,
			);
			name = View;
			sourceTree = "<group>";
		};
		4A083B091CA4F4F100FB9625 /* Controller */ = {
			isa = PBXGroup;
			children = (
				4A6969251CA3ACD2000562DD /* WeddingPhotoViewController.h */,
				4A6969261CA3ACD2000562DD /* WeddingPhotoViewController.m */,
			);
			name = Controller;
			sourceTree = "<group>";
		};
		4A083B0B1CA4F50A00FB9625 /* Main */ = {
			isa = PBXGroup;
			children = (
				4A083B0F1CA4F5A100FB9625 /* Category */,
				4A083B0E1CA4F52D00FB9625 /* Controller */,
				4A083B0D1CA4F52600FB9625 /* View */,
				4A083B0C1CA4F51E00FB9625 /* Model */,
			);
			name = Main;
			sourceTree = "<group>";
		};
		4A083B0C1CA4F51E00FB9625 /* Model */ = {
			isa = PBXGroup;
			children = (
			);
			name = Model;
			sourceTree = "<group>";
		};
		4A083B0D1CA4F52600FB9625 /* View */ = {
			isa = PBXGroup;
			children = (
			);
			name = View;
			sourceTree = "<group>";
		};
		4A083B0E1CA4F52D00FB9625 /* Controller */ = {
			isa = PBXGroup;
			children = (
				4A69692A1CA3AE81000562DD /* WebSiteTabbarController.h */,
				4A69692B1CA3AE81000562DD /* WebSiteTabbarController.m */,
				4A6968F21CA3AB45000562DD /* ViewController.h */,
				4A6968F31CA3AB45000562DD /* ViewController.m */,
				4A6968EF1CA3AB45000562DD /* AppDelegate.h */,
				4A6968F01CA3AB45000562DD /* AppDelegate.m */,
				4A083B121CA4F69A00FB9625 /* DWNavigationController.h */,
				4A083B131CA4F69A00FB9625 /* DWNavigationController.m */,
			);
			name = Controller;
			sourceTree = "<group>";
		};
		4A083B0F1CA4F5A100FB9625 /* Category */ = {
			isa = PBXGroup;
			children = (
				4A083AAC1CA4BF2600FB9625 /* UIImage+image.h */,
				4A083AAD1CA4BF2600FB9625 /* UIImage+image.m */,
			);
			name = Category;
			sourceTree = "<group>";
		};
		4A6968E01CA3AB45000562DD = {
			isa = PBXGroup;
			children = (
				4A083B1F1CA50C1000FB9625 /* UIKit.framework */,
				4A69692D1CA3AFB3000562DD /* Reveal.framework */,
				4A083AB21CA4C43B00FB9625 /* JavaScriptCore.framework */,
				4A6968EB1CA3AB45000562DD /* MyWebSite */,
				4A6969051CA3AB45000562DD /* MyWebSiteTests */,
				4A6969101CA3AB45000562DD /* MyWebSiteUITests */,
				4A6968EA1CA3AB45000562DD /* Products */,
			);
			sourceTree = "<group>";
		};
		4A6968EA1CA3AB45000562DD /* Products */ = {
			isa = PBXGroup;
			children = (
				4A6968E91CA3AB45000562DD /* MyWebSite.app */,
				4A6969021CA3AB45000562DD /* MyWebSiteTests.xctest */,
				4A69690D1CA3AB45000562DD /* MyWebSiteUITests.xctest */,
			);
			name = Products;
			sourceTree = "<group>";
		};
		4A6968EB1CA3AB45000562DD /* MyWebSite */ = {
			isa = PBXGroup;
			children = (
				4A083B0B1CA4F50A00FB9625 /* Main */,
				4A083B061CA4F4D500FB9625 /* WeddingPhoto */,
				4A083B021CA4F4B100FB9625 /* HomePage */,
				4A6968FA1CA3AB45000562DD /* LaunchScreen.storyboard */,
				4A083B101CA4F62500FB9625 /* Main.storyboard */,
				4A083AAA1CA4BDC400FB9625 /* Assets.xcassets */,
				4A6968FD1CA3AB45000562DD /* Info.plist */,
				4A6968EC1CA3AB45000562DD /* Supporting Files */,
				4A083B1B1CA506EB00FB9625 /* DWPCH.pch */,
			);
			path = MyWebSite;
			sourceTree = "<group>";
		};
		4A6968EC1CA3AB45000562DD /* Supporting Files */ = {
			isa = PBXGroup;
			children = (
				4A6968ED1CA3AB45000562DD /* main.m */,
			);
			name = "Supporting Files";
			sourceTree = "<group>";
		};
		4A6969051CA3AB45000562DD /* MyWebSiteTests */ = {
			isa = PBXGroup;
			children = (
				4A6969061CA3AB45000562DD /* MyWebSiteTests.m */,
				4A6969081CA3AB45000562DD /* Info.plist */,
			);
			path = MyWebSiteTests;
			sourceTree = "<group>";
		};
		4A6969101CA3AB45000562DD /* MyWebSiteUITests */ = {
			isa = PBXGroup;
			children = (
				4A6969111CA3AB45000562DD /* MyWebSiteUITests.m */,
				4A6969131CA3AB45000562DD /* Info.plist */,
			);
			path = MyWebSiteUITests;
			sourceTree = "<group>";
		};
/* End PBXGroup section */

/* Begin PBXNativeTarget section */
		4A6968E81CA3AB45000562DD /* MyWebSite */ = {
			isa = PBXNativeTarget;
			buildConfigurationList = 4A6969161CA3AB45000562DD /* Build configuration list for PBXNativeTarget "MyWebSite" */;
			buildPhases = (
				4A6968E51CA3AB45000562DD /* Sources */,
				4A6968E61CA3AB45000562DD /* Frameworks */,
				4A6968E71CA3AB45000562DD /* Resources */,
			);
			buildRules = (
			);
			dependencies = (
			);
			name = MyWebSite;
			productName = MyWebSite;
			productReference = 4A6968E91CA3AB45000562DD /* MyWebSite.app */;
			productType = "com.apple.product-type.application";
		};
		4A6969011CA3AB45000562DD /* MyWebSiteTests */ = {
			isa = PBXNativeTarget;
			buildConfigurationList = 4A6969191CA3AB45000562DD /* Build configuration list for PBXNativeTarget "MyWebSiteTests" */;
			buildPhases = (
				4A6968FE1CA3AB45000562DD /* Sources */,
				4A6968FF1CA3AB45000562DD /* Frameworks */,
				4A6969001CA3AB45000562DD /* Resources */,
			);
			buildRules = (
			);
			dependencies = (
				4A6969041CA3AB45000562DD /* PBXTargetDependency */,
			);
			name = MyWebSiteTests;
			productName = MyWebSiteTests;
			productReference = 4A6969021CA3AB45000562DD /* MyWebSiteTests.xctest */;
			productType = "com.apple.product-type.bundle.unit-test";
		};
		4A69690C1CA3AB45000562DD /* MyWebSiteUITests */ = {
			isa = PBXNativeTarget;
			buildConfigurationList = 4A69691C1CA3AB45000562DD /* Build configuration list for PBXNativeTarget "MyWebSiteUITests" */;
			buildPhases = (
				4A6969091CA3AB45000562DD /* Sources */,
				4A69690A1CA3AB45000562DD /* Frameworks */,
				4A69690B1CA3AB45000562DD /* Resources */,
			);
			buildRules = (
			);
			dependencies = (
				4A69690F1CA3AB45000562DD /* PBXTargetDependency */,
			);
			name = MyWebSiteUITests;
			productName = MyWebSiteUITests;
			productReference = 4A69690D1CA3AB45000562DD /* MyWebSiteUITests.xctest */;
			productType = "com.apple.product-type.bundle.ui-testing";
		};
/* End PBXNativeTarget section */

/* Begin PBXProject section */
		4A6968E11CA3AB45000562DD /* Project object */ = {
			isa = PBXProject;
			attributes = {
				LastUpgradeCheck = 0710;
				ORGANIZATIONNAME = DW;
				TargetAttributes = {
					4A6968E81CA3AB45000562DD = {
						CreatedOnToolsVersion = 7.1.1;
					};
					4A6969011CA3AB45000562DD = {
						CreatedOnToolsVersion = 7.1.1;
						TestTargetID = 4A6968E81CA3AB45000562DD;
					};
					4A69690C1CA3AB45000562DD = {
						CreatedOnToolsVersion = 7.1.1;
						TestTargetID = 4A6968E81CA3AB45000562DD;
					};
				};
			};
			buildConfigurationList = 4A6968E41CA3AB45000562DD /* Build configuration list for PBXProject "MyWebSite" */;
			compatibilityVersion = "Xcode 3.2";
			developmentRegion = English;
			hasScannedForEncodings = 0;
			knownRegions = (
				en,
				Base,
			);
			mainGroup = 4A6968E01CA3AB45000562DD;
			productRefGroup = 4A6968EA1CA3AB45000562DD /* Products */;
			projectDirPath = "";
			projectRoot = "";
			targets = (
				4A6968E81CA3AB45000562DD /* MyWebSite */,
				4A6969011CA3AB45000562DD /* MyWebSiteTests */,
				4A69690C1CA3AB45000562DD /* MyWebSiteUITests */,
			);
		};
/* End PBXProject section */

/* Begin PBXResourcesBuildPhase section */
		4A6968E71CA3AB45000562DD /* Resources */ = {
			isa = PBXResourcesBuildPhase;
			buildActionMask = 2147483647;
			files = (
				4A083B111CA4F62600FB9625 /* Main.storyboard in Resources */,
				4A6968FC1CA3AB45000562DD /* LaunchScreen.storyboard in Resources */,
				4A083AAB1CA4BDC400FB9625 /* Assets.xcassets in Resources */,
			);
			runOnlyForDeploymentPostprocessing = 0;
		};
		4A6969001CA3AB45000562DD /* Resources */ = {
			isa = PBXResourcesBuildPhase;
			buildActionMask = 2147483647;
			files = (
			);
			runOnlyForDeploymentPostprocessing = 0;
		};
		4A69690B1CA3AB45000562DD /* Resources */ = {
			isa = PBXResourcesBuildPhase;
			buildActionMask = 2147483647;
			files = (
			);
			runOnlyForDeploymentPostprocessing = 0;
		};
/* End PBXResourcesBuildPhase section */

/* Begin PBXSourcesBuildPhase section */
		4A6968E51CA3AB45000562DD /* Sources */ = {
			isa = PBXSourcesBuildPhase;
			buildActionMask = 2147483647;
			files = (
				4A6969241CA3ACAC000562DD /* WeddingPhotoView.m in Sources */,
				4A083B141CA4F69A00FB9625 /* DWNavigationController.m in Sources */,
				4A083AAE1CA4BF2600FB9625 /* UIImage+image.m in Sources */,
				4A6968F41CA3AB45000562DD /* ViewController.m in Sources */,
				4A6969271CA3ACD2000562DD /* WeddingPhotoViewController.m in Sources */,
				4A6968F11CA3AB45000562DD /* AppDelegate.m in Sources */,
				4A083AB11CA4C17F00FB9625 /* HostSiteViewController.m in Sources */,
				4A6968EE1CA3AB45000562DD /* main.m in Sources */,
				4A69692C1CA3AE81000562DD /* WebSiteTabbarController.m in Sources */,
				4A98F4251CA8EF24000FB33A /* BlurEffectMenu.m in Sources */,
			);
			runOnlyForDeploymentPostprocessing = 0;
		};
		4A6968FE1CA3AB45000562DD /* Sources */ = {
			isa = PBXSourcesBuildPhase;
			buildActionMask = 2147483647;
			files = (
				4A6969071CA3AB45000562DD /* MyWebSiteTests.m in Sources */,
			);
			runOnlyForDeploymentPostprocessing = 0;
		};
		4A6969091CA3AB45000562DD /* Sources */ = {
			isa = PBXSourcesBuildPhase;
			buildActionMask = 2147483647;
			files = (
				4A6969121CA3AB45000562DD /* MyWebSiteUITests.m in Sources */,
			);
			runOnlyForDeploymentPostprocessing = 0;
		};
/* End PBXSourcesBuildPhase section */

/* Begin PBXTargetDependency section */
		4A6969041CA3AB45000562DD /* PBXTargetDependency */ = {
			isa = PBXTargetDependency;
			target = 4A6968E81CA3AB45000562DD /* MyWebSite */;
			targetProxy = 4A6969031CA3AB45000562DD /* PBXContainerItemProxy */;
		};
		4A69690F1CA3AB45000562DD /* PBXTargetDependency */ = {
			isa = PBXTargetDependency;
			target = 4A6968E81CA3AB45000562DD /* MyWebSite */;
			targetProxy = 4A69690E1CA3AB45000562DD /* PBXContainerItemProxy */;
		};
/* End PBXTargetDependency section */

/* Begin PBXVariantGroup section */
		4A6968FA1CA3AB45000562DD /* LaunchScreen.storyboard */ = {
			isa = PBXVariantGroup;
			children = (
				4A6968FB1CA3AB45000562DD /* Base */,
			);
			name = LaunchScreen.storyboard;
			sourceTree = "<group>";
		};
/* End PBXVariantGroup section */

/* Begin XCBuildConfiguration section */
		4A6969141CA3AB45000562DD /* Debug */ = {
			isa = XCBuildConfiguration;
			buildSettings = {
				ALWAYS_SEARCH_USER_PATHS = NO;
				CLANG_CXX_LANGUAGE_STANDARD = "gnu++0x";
				CLANG_CXX_LIBRARY = "libc++";
				CLANG_ENABLE_MODULES = YES;
				CLANG_ENABLE_OBJC_ARC = YES;
				CLANG_WARN_BOOL_CONVERSION = YES;
				CLANG_WARN_CONSTANT_CONVERSION = YES;
				CLANG_WARN_DIRECT_OBJC_ISA_USAGE = YES_ERROR;
				CLANG_WARN_EMPTY_BODY = YES;
				CLANG_WARN_ENUM_CONVERSION = YES;
				CLANG_WARN_INT_CONVERSION = YES;
				CLANG_WARN_OBJC_ROOT_CLASS = YES_ERROR;
				CLANG_WARN_UNREACHABLE_CODE = YES;
				CLANG_WARN__DUPLICATE_METHOD_MATCH = YES;
				"CODE_SIGN_IDENTITY[sdk=iphoneos*]" = "iPhone Developer";
				COPY_PHASE_STRIP = NO;
				DEBUG_INFORMATION_FORMAT = dwarf;
				ENABLE_STRICT_OBJC_MSGSEND = YES;
				ENABLE_TESTABILITY = YES;
				GCC_C_LANGUAGE_STANDARD = gnu99;
				GCC_DYNAMIC_NO_PIC = NO;
				GCC_NO_COMMON_BLOCKS = YES;
				GCC_OPTIMIZATION_LEVEL = 0;
				GCC_PREPROCESSOR_DEFINITIONS = (
					"DEBUG=1",
					"$(inherited)",
				);
				GCC_WARN_64_TO_32_BIT_CONVERSION = YES;
				GCC_WARN_ABOUT_RETURN_TYPE = YES_ERROR;
				GCC_WARN_UNDECLARED_SELECTOR = YES;
				GCC_WARN_UNINITIALIZED_AUTOS = YES_AGGRESSIVE;
				GCC_WARN_UNUSED_FUNCTION = YES;
				GCC_WARN_UNUSED_VARIABLE = YES;
				IPHONEOS_DEPLOYMENT_TARGET = 9.1;
				MTL_ENABLE_DEBUG_INFO = YES;
				ONLY_ACTIVE_ARCH = YES;
				SDKROOT = iphoneos;
			};
			name = Debug;
		};
		4A6969151CA3AB45000562DD /* Release */ = {
			isa = XCBuildConfiguration;
			buildSettings = {
				ALWAYS_SEARCH_USER_PATHS = NO;
				CLANG_CXX_LANGUAGE_STANDARD = "gnu++0x";
				CLANG_CXX_LIBRARY = "libc++";
				CLANG_ENABLE_MODULES = YES;
				CLANG_ENABLE_OBJC_ARC = YES;
				CLANG_WARN_BOOL_CONVERSION = YES;
				CLANG_WARN_CONSTANT_CONVERSION = YES;
				CLANG_WARN_DIRECT_OBJC_ISA_USAGE = YES_ERROR;
				CLANG_WARN_EMPTY_BODY = YES;
				CLANG_WARN_ENUM_CONVERSION = YES;
				CLANG_WARN_INT_CONVERSION = YES;
				CLANG_WARN_OBJC_ROOT_CLASS = YES_ERROR;
				CLANG_WARN_UNREACHABLE_CODE = YES;
				CLANG_WARN__DUPLICATE_METHOD_MATCH = YES;
				"CODE_SIGN_IDENTITY[sdk=iphoneos*]" = "iPhone Developer";
				COPY_PHASE_STRIP = NO;
				DEBUG_INFORMATION_FORMAT = "dwarf-with-dsym";
				ENABLE_NS_ASSERTIONS = NO;
				ENABLE_STRICT_OBJC_MSGSEND = YES;
				GCC_C_LANGUAGE_STANDARD = gnu99;
				GCC_NO_COMMON_BLOCKS = YES;
				GCC_WARN_64_TO_32_BIT_CONVERSION = YES;
				GCC_WARN_ABOUT_RETURN_TYPE = YES_ERROR;
				GCC_WARN_UNDECLARED_SELECTOR = YES;
				GCC_WARN_UNINITIALIZED_AUTOS = YES_AGGRESSIVE;
				GCC_WARN_UNUSED_FUNCTION = YES;
				GCC_WARN_UNUSED_VARIABLE = YES;
				IPHONEOS_DEPLOYMENT_TARGET = 9.1;
				MTL_ENABLE_DEBUG_INFO = NO;
				SDKROOT = iphoneos;
				VALIDATE_PRODUCT = YES;
			};
			name = Release;
		};
		4A6969171CA3AB45000562DD /* Debug */ = {
			isa = XCBuildConfiguration;
			buildSettings = {
				ASSETCATALOG_COMPILER_APPICON_NAME = AppIcon;
				FRAMEWORK_SEARCH_PATHS = (
					"$(inherited)",
					"$(PROJECT_DIR)/MyWebSite",
				);
				INFOPLIST_FILE = MyWebSite/Info.plist;
				LD_RUNPATH_SEARCH_PATHS = "$(inherited) @executable_path/Frameworks";
				PRODUCT_BUNDLE_IDENTIFIER = net.DWCreater.MyWebSite;
				PRODUCT_NAME = "$(TARGET_NAME)";
			};
			name = Debug;
		};
		4A6969181CA3AB45000562DD /* Release */ = {
			isa = XCBuildConfiguration;
			buildSettings = {
				ASSETCATALOG_COMPILER_APPICON_NAME = AppIcon;
				FRAMEWORK_SEARCH_PATHS = (
					"$(inherited)",
					"$(PROJECT_DIR)/MyWebSite",
				);
				INFOPLIST_FILE = MyWebSite/Info.plist;
				LD_RUNPATH_SEARCH_PATHS = "$(inherited) @executable_path/Frameworks";
				PRODUCT_BUNDLE_IDENTIFIER = net.DWCreater.MyWebSite;
				PRODUCT_NAME = "$(TARGET_NAME)";
			};
			name = Release;
		};
		4A69691A1CA3AB45000562DD /* Debug */ = {
			isa = XCBuildConfiguration;
			buildSettings = {
				BUNDLE_LOADER = "$(TEST_HOST)";
				INFOPLIST_FILE = MyWebSiteTests/Info.plist;
				LD_RUNPATH_SEARCH_PATHS = "$(inherited) @executable_path/Frameworks @loader_path/Frameworks";
				PRODUCT_BUNDLE_IDENTIFIER = net.DWCreater.MyWebSiteTests;
				PRODUCT_NAME = "$(TARGET_NAME)";
				TEST_HOST = "$(BUILT_PRODUCTS_DIR)/MyWebSite.app/MyWebSite";
			};
			name = Debug;
		};
		4A69691B1CA3AB45000562DD /* Release */ = {
			isa = XCBuildConfiguration;
			buildSettings = {
				BUNDLE_LOADER = "$(TEST_HOST)";
				INFOPLIST_FILE = MyWebSiteTests/Info.plist;
				LD_RUNPATH_SEARCH_PATHS = "$(inherited) @executable_path/Frameworks @loader_path/Frameworks";
				PRODUCT_BUNDLE_IDENTIFIER = net.DWCreater.MyWebSiteTests;
				PRODUCT_NAME = "$(TARGET_NAME)";
				TEST_HOST = "$(BUILT_PRODUCTS_DIR)/MyWebSite.app/MyWebSite";
			};
			name = Release;
		};
		4A69691D1CA3AB45000562DD /* Debug */ = {
			isa = XCBuildConfiguration;
			buildSettings = {
				INFOPLIST_FILE = MyWebSiteUITests/Info.plist;
				LD_RUNPATH_SEARCH_PATHS = "$(inherited) @executable_path/Frameworks @loader_path/Frameworks";
				PRODUCT_BUNDLE_IDENTIFIER = net.DWCreater.MyWebSiteUITests;
				PRODUCT_NAME = "$(TARGET_NAME)";
				TEST_TARGET_NAME = MyWebSite;
				USES_XCTRUNNER = YES;
			};
			name = Debug;
		};
		4A69691E1CA3AB45000562DD /* Release */ = {
			isa = XCBuildConfiguration;
			buildSettings = {
				INFOPLIST_FILE = MyWebSiteUITests/Info.plist;
				LD_RUNPATH_SEARCH_PATHS = "$(inherited) @executable_path/Frameworks @loader_path/Frameworks";
				PRODUCT_BUNDLE_IDENTIFIER = net.DWCreater.MyWebSiteUITests;
				PRODUCT_NAME = "$(TARGET_NAME)";
				TEST_TARGET_NAME = MyWebSite;
				USES_XCTRUNNER = YES;
			};
			name = Release;
		};
/* End XCBuildConfiguration section */

/* Begin XCConfigurationList section */
		4A6968E41CA3AB45000562DD /* Build configuration list for PBXProject "MyWebSite" */ = {
			isa = XCConfigurationList;
			buildConfigurations = (
				4A6969141CA3AB45000562DD /* Debug */,
				4A6969151CA3AB45000562DD /* Release */,
			);
			defaultConfigurationIsVisible = 0;
			defaultConfigurationName = Release;
		};
		4A6969161CA3AB45000562DD /* Build configuration list for PBXNativeTarget "MyWebSite" */ = {
			isa = XCConfigurationList;
			buildConfigurations = (
				4A6969171CA3AB45000562DD /* Debug */,
				4A6969181CA3AB45000562DD /* Release */,
			);
			defaultConfigurationIsVisible = 0;
			defaultConfigurationName = Release;
		};
		4A6969191CA3AB45000562DD /* Build configuration list for PBXNativeTarget "MyWebSiteTests" */ = {
			isa = XCConfigurationList;
			buildConfigurations = (
				4A69691A1CA3AB45000562DD /* Debug */,
				4A69691B1CA3AB45000562DD /* Release */,
			);
			defaultConfigurationIsVisible = 0;
			defaultConfigurationName = Release;
		};
		4A69691C1CA3AB45000562DD /* Build configuration list for PBXNativeTarget "MyWebSiteUITests" */ = {
			isa = XCConfigurationList;
			buildConfigurations = (
				4A69691D1CA3AB45000562DD /* Debug */,
				4A69691E1CA3AB45000562DD /* Release */,
			);
			defaultConfigurationIsVisible = 0;
			defaultConfigurationName = Release;
		};
/* End XCConfigurationList section */
	};
	rootObject = 4A6968E11CA3AB45000562DD /* Project object */;
}
